github.com/pucora/lura/v2 v2.0.9 h1:pPBU0rO71JeIp6k4xGwQweKHvd46+0BZRwb1Z7DZBE0=
github.com/pucora/lura/v2 v2.0.9/go.mod h1:7LJn5CTxnfAFbvsWyk6XqORnXXZ9uI3yn79Anz5qE4g=
golang.org/x/oauth2 v0.36.0 h1:peZ/1z27fi9hUOFCAZaHyrpWG5lwe0RJEEEeH0ThlIs=
golang.org/x/oauth2 v0.36.0/go.mod h1:YDBUJMTkDnJS+A4BP4eZBjCqtokkg1hODuPjwiGPO7Q=
golang.org/x/text v0.38.0 h1:sXmwo9DwP3OK9EZ7PqAdaooSGozfl/3a6/xJcbzPRhE=
golang.org/x/text v0.38.0/go.mod h1:YXZt3QhHUKYT53r2lLKFIVi6Ao1jdzrTR/KQ09qyxF4=
